# This file is autogenerated, do not edit; changes may be undone by the next 'dep ensure'.


[[projects]]
  branch = "master"
  name = "github.com/buffersandbeer/canlib"
  packages = ["."]
  revision = "cd9909bded8412e164fb01e3f241a29fc2ce44d2"

[[projects]]
  branch = "master"
  name = "github.com/lib/pq"
  packages = [".","oid"]
  revision = "b609790bd85edf8e9ab7e0f8912750a786177bcf"

[[projects]]
  branch = "master"
  name = "golang.org/x/sys"
  packages = ["unix"]
  revision = "176de7413414c01569163271c745672ff04a7267"

[[projects]]
  branch = "v2"
  name = "gopkg.in/yaml.v2"
  packages = ["."]
  revision = "eb3733d160e74a9c7e442f435eb3bea458e1d19f"

[solve-meta]
  analyzer-name = "dep"
  analyzer-version = 1
  inputs-digest = "f4fba8bf68a23e0123b7afb9fa18749a3374c588d46adab7c66406d786d03b96"
  solver-name = "gps-cdcl"
  solver-version = 1
